
Microsoft Visual Studio Solution File, Format Version 12.00
# Visual Studio Version 17
VisualStudioVersion = 17.1.32210.238
MinimumVisualStudioVersion = 10.0.40219.1
Project("{FAE04EC0-301F-11D3-BF4B-00C04F79EFBC}") = "AreaOfFiguresLib", "AreaOfFiguresLib\AreaOfFiguresLib.csproj", "{948FA496-4021-4618-808C-CDA4D1F6AC7B}"
EndProject
Project("{FAE04EC0-301F-11D3-BF4B-00C04F79EFBC}") = "AreaOfFiguresTests", "AreaOfFiguresTests\AreaOfFiguresTests.csproj", "{E788D5F7-BD3F-4FF2-9D23-DA147A828A6A}"
EndProject
Global
	GlobalSection(SolutionConfigurationPlatforms) = preSolution
		Debug|Any CPU = Debug|Any CPU
		Release|Any CPU = Release|Any CPU
	EndGlobalSection
	GlobalSection(ProjectConfigurationPlatforms) = postSolution
		{948FA496-4021-4618-808C-CDA4D1F6AC7B}.Debug|Any CPU.ActiveCfg = Debug|Any CPU
		{948FA496-4021-4618-808C-CDA4D1F6AC7B}.Debug|Any CPU.Build.0 = Debug|Any CPU
		{948FA496-4021-4618-808C-CDA4D1F6AC7B}.Release|Any CPU.ActiveCfg = Release|Any CPU
		{948FA496-4021-4618-808C-CDA4D1F6AC7B}.Release|Any CPU.Build.0 = Release|Any CPU
		{E788D5F7-BD3F-4FF2-9D23-DA147A828A6A}.Debug|Any CPU.ActiveCfg = Debug|Any CPU
		{E788D5F7-BD3F-4FF2-9D23-DA147A828A6A}.Debug|Any CPU.Build.0 = Debug|Any CPU
		{E788D5F7-BD3F-4FF2-9D23-DA147A828A6A}.Release|Any CPU.ActiveCfg = Release|Any CPU
		{E788D5F7-BD3F-4FF2-9D23-DA147A828A6A}.Release|Any CPU.Build.0 = Release|Any CPU
	EndGlobalSection
	GlobalSection(SolutionProperties) = preSolution
		HideSolutionNode = FALSE
	EndGlobalSection
	GlobalSection(ExtensibilityGlobals) = postSolution
		SolutionGuid = {ED95271A-C744-44F9-8099-16AF26029E21}
	EndGlobalSection
EndGlobal
